
Microsoft Visual Studio Solution File, Format Version 12.00
# Visual Studio Version 16
VisualStudioVersion = 16.0.810.16
MinimumVisualStudioVersion = 10.0.40219.1
Project("{FAE04EC0-301F-11D3-BF4B-00C04F79EFBC}") = "Web-1001-Git-Demo", "Web-1001-Git-Demo.csproj", "{DFE87B94-F5E7-4596-98A4-5963E04203DB}"
EndProject
Global
	GlobalSection(SolutionConfigurationPlatforms) = preSolution
		Debug|Any CPU = Debug|Any CPU
		Release|Any CPU = Release|Any CPU
	EndGlobalSection
	GlobalSection(ProjectConfigurationPlatforms) = postSolution
		{DFE87B94-F5E7-4596-98A4-5963E04203DB}.Debug|Any CPU.ActiveCfg = Debug|Any CPU
		{DFE87B94-F5E7-4596-98A4-5963E04203DB}.Debug|Any CPU.Build.0 = Debug|Any CPU
		{DFE87B94-F5E7-4596-98A4-5963E04203DB}.Release|Any CPU.ActiveCfg = Release|Any CPU
		{DFE87B94-F5E7-4596-98A4-5963E04203DB}.Release|Any CPU.Build.0 = Release|Any CPU
	EndGlobalSection
	GlobalSection(SolutionProperties) = preSolution
		HideSolutionNode = FALSE
	EndGlobalSection
	GlobalSection(ExtensibilityGlobals) = postSolution
		SolutionGuid = {C03B726A-9AA9-4631-8D5E-28F960010441}
	EndGlobalSection
EndGlobal
